
Microsoft Visual Studio Solution File, Format Version 12.00
# Visual Studio Version 17
VisualStudioVersion = 17.0.31903.59
MinimumVisualStudioVersion = 10.0.40219.1
Project("{2150E333-8FDC-42A3-9474-1A3956D46DE8}") = "src", "src", "{5338A09C-3C4B-4EA4-9840-6502FB6CF5A6}"
EndProject
Project("{FAE04EC0-301F-11D3-BF4B-00C04F79EFBC}") = "CollaborativePresentation.API", "src\CollaborativePresentation.API\CollaborativePresentation.API.csproj", "{DAA6AE27-5BD2-488D-8731-9904746C6B94}"
EndProject
Project("{FAE04EC0-301F-11D3-BF4B-00C04F79EFBC}") = "CollaborativePresentation.Domain", "src\CollaborativePresentation.Domain\CollaborativePresentation.Domain.csproj", "{8E1EDC2F-F938-4A98-90D2-8C8839B5D545}"
EndProject
Project("{FAE04EC0-301F-11D3-BF4B-00C04F79EFBC}") = "CollaborativePresentation.Infrastructure", "src\CollaborativePresentation.Infrastructure\CollaborativePresentation.Infrastructure.csproj", "{059DD330-030F-4025-84AA-F02D64470EBB}"
EndProject
Project("{FAE04EC0-301F-11D3-BF4B-00C04F79EFBC}") = "CollaborativePresentation.Client", "src\CollaborativePresentation.Client\CollaborativePresentation.Client.csproj", "{8C11169E-660A-4833-A0DC-CEDCAB439ABA}"
EndProject
Project("{2150E333-8FDC-42A3-9474-1A3956D46DE8}") = "tests", "tests", "{8C8092A0-ABB4-4DCF-9E4B-8128D4D740F1}"
EndProject
Project("{FAE04EC0-301F-11D3-BF4B-00C04F79EFBC}") = "CollaborativePresentation.Tests", "tests\CollaborativePresentation.Tests\CollaborativePresentation.Tests.csproj", "{0D56BCC1-4BD0-4288-BC24-FD0321D0658D}"
EndProject
Global
	GlobalSection(SolutionConfigurationPlatforms) = preSolution
		Debug|Any CPU = Debug|Any CPU
		Release|Any CPU = Release|Any CPU
	EndGlobalSection
	GlobalSection(SolutionProperties) = preSolution
		HideSolutionNode = FALSE
	EndGlobalSection
	GlobalSection(ProjectConfigurationPlatforms) = postSolution
		{DAA6AE27-5BD2-488D-8731-9904746C6B94}.Debug|Any CPU.ActiveCfg = Debug|Any CPU
		{DAA6AE27-5BD2-488D-8731-9904746C6B94}.Debug|Any CPU.Build.0 = Debug|Any CPU
		{DAA6AE27-5BD2-488D-8731-9904746C6B94}.Release|Any CPU.ActiveCfg = Release|Any CPU
		{DAA6AE27-5BD2-488D-8731-9904746C6B94}.Release|Any CPU.Build.0 = Release|Any CPU
		{8E1EDC2F-F938-4A98-90D2-8C8839B5D545}.Debug|Any CPU.ActiveCfg = Debug|Any CPU
		{8E1EDC2F-F938-4A98-90D2-8C8839B5D545}.Debug|Any CPU.Build.0 = Debug|Any CPU
		{8E1EDC2F-F938-4A98-90D2-8C8839B5D545}.Release|Any CPU.ActiveCfg = Release|Any CPU
		{8E1EDC2F-F938-4A98-90D2-8C8839B5D545}.Release|Any CPU.Build.0 = Release|Any CPU
		{059DD330-030F-4025-84AA-F02D64470EBB}.Debug|Any CPU.ActiveCfg = Debug|Any CPU
		{059DD330-030F-4025-84AA-F02D64470EBB}.Debug|Any CPU.Build.0 = Debug|Any CPU
		{059DD330-030F-4025-84AA-F02D64470EBB}.Release|Any CPU.ActiveCfg = Release|Any CPU
		{059DD330-030F-4025-84AA-F02D64470EBB}.Release|Any CPU.Build.0 = Release|Any CPU
		{8C11169E-660A-4833-A0DC-CEDCAB439ABA}.Debug|Any CPU.ActiveCfg = Debug|Any CPU
		{8C11169E-660A-4833-A0DC-CEDCAB439ABA}.Debug|Any CPU.Build.0 = Debug|Any CPU
		{8C11169E-660A-4833-A0DC-CEDCAB439ABA}.Release|Any CPU.ActiveCfg = Release|Any CPU
		{8C11169E-660A-4833-A0DC-CEDCAB439ABA}.Release|Any CPU.Build.0 = Release|Any CPU
		{0D56BCC1-4BD0-4288-BC24-FD0321D0658D}.Debug|Any CPU.ActiveCfg = Debug|Any CPU
		{0D56BCC1-4BD0-4288-BC24-FD0321D0658D}.Debug|Any CPU.Build.0 = Debug|Any CPU
		{0D56BCC1-4BD0-4288-BC24-FD0321D0658D}.Release|Any CPU.ActiveCfg = Release|Any CPU
		{0D56BCC1-4BD0-4288-BC24-FD0321D0658D}.Release|Any CPU.Build.0 = Release|Any CPU
	EndGlobalSection
	GlobalSection(NestedProjects) = preSolution
		{DAA6AE27-5BD2-488D-8731-9904746C6B94} = {5338A09C-3C4B-4EA4-9840-6502FB6CF5A6}
		{8E1EDC2F-F938-4A98-90D2-8C8839B5D545} = {5338A09C-3C4B-4EA4-9840-6502FB6CF5A6}
		{059DD330-030F-4025-84AA-F02D64470EBB} = {5338A09C-3C4B-4EA4-9840-6502FB6CF5A6}
		{8C11169E-660A-4833-A0DC-CEDCAB439ABA} = {5338A09C-3C4B-4EA4-9840-6502FB6CF5A6}
		{0D56BCC1-4BD0-4288-BC24-FD0321D0658D} = {8C8092A0-ABB4-4DCF-9E4B-8128D4D740F1}
	EndGlobalSection
EndGlobal
